
Microsoft Visual Studio Solution File, Format Version 12.00
# Visual Studio 15
Project("{FAE04EC0-301F-11D3-BF4B-00C04F79EFBC}") = "ImageRes.Android", "ImageRes.Android\ImageRes.Android.csproj", "{D50AE881-F606-4C89-A74A-37DBD2089D3E}"
EndProject
Project("{FAE04EC0-301F-11D3-BF4B-00C04F79EFBC}") = "ImageRes.iOS", "ImageRes.iOS\ImageRes.iOS.csproj", "{6A8DFF03-9FA7-4B32-B17C-BE802928372E}"
EndProject
Project("{D954291E-2A0B-460D-934E-DC6B0785DB48}") = "ImageRes", "ImageRes\ImageRes.shproj", "{9C971336-9B7B-43F7-9FA4-AE1E9257059D}"
EndProject
Global
	GlobalSection(SolutionConfigurationPlatforms) = preSolution
		Debug|Any CPU = Debug|Any CPU
		Release|Any CPU = Release|Any CPU
		Debug|iPhoneSimulator = Debug|iPhoneSimulator
		Release|iPhoneSimulator = Release|iPhoneSimulator
		Debug|iPhone = Debug|iPhone
		Release|iPhone = Release|iPhone
		Ad-Hoc|iPhone = Ad-Hoc|iPhone
		AppStore|iPhone = AppStore|iPhone
	EndGlobalSection
	GlobalSection(ProjectConfigurationPlatforms) = postSolution
		{D50AE881-F606-4C89-A74A-37DBD2089D3E}.Debug|Any CPU.ActiveCfg = Debug|Any CPU
		{D50AE881-F606-4C89-A74A-37DBD2089D3E}.Debug|Any CPU.Build.0 = Debug|Any CPU
		{D50AE881-F606-4C89-A74A-37DBD2089D3E}.Release|Any CPU.ActiveCfg = Release|Any CPU
		{D50AE881-F606-4C89-A74A-37DBD2089D3E}.Release|Any CPU.Build.0 = Release|Any CPU
		{D50AE881-F606-4C89-A74A-37DBD2089D3E}.Debug|iPhoneSimulator.ActiveCfg = Debug|Any CPU
		{D50AE881-F606-4C89-A74A-37DBD2089D3E}.Debug|iPhoneSimulator.Build.0 = Debug|Any CPU
		{D50AE881-F606-4C89-A74A-37DBD2089D3E}.Release|iPhoneSimulator.ActiveCfg = Release|Any CPU
		{D50AE881-F606-4C89-A74A-37DBD2089D3E}.Release|iPhoneSimulator.Build.0 = Release|Any CPU
		{D50AE881-F606-4C89-A74A-37DBD2089D3E}.Debug|iPhone.ActiveCfg = Debug|Any CPU
		{D50AE881-F606-4C89-A74A-37DBD2089D3E}.Debug|iPhone.Build.0 = Debug|Any CPU
		{D50AE881-F606-4C89-A74A-37DBD2089D3E}.Release|iPhone.ActiveCfg = Release|Any CPU
		{D50AE881-F606-4C89-A74A-37DBD2089D3E}.Release|iPhone.Build.0 = Release|Any CPU
		{D50AE881-F606-4C89-A74A-37DBD2089D3E}.Ad-Hoc|iPhone.ActiveCfg = Debug|Any CPU
		{D50AE881-F606-4C89-A74A-37DBD2089D3E}.Ad-Hoc|iPhone.Build.0 = Debug|Any CPU
		{D50AE881-F606-4C89-A74A-37DBD2089D3E}.AppStore|iPhone.ActiveCfg = Debug|Any CPU
		{D50AE881-F606-4C89-A74A-37DBD2089D3E}.AppStore|iPhone.Build.0 = Debug|Any CPU
		{6A8DFF03-9FA7-4B32-B17C-BE802928372E}.Debug|Any CPU.ActiveCfg = Debug|iPhoneSimulator
		{6A8DFF03-9FA7-4B32-B17C-BE802928372E}.Debug|Any CPU.Build.0 = Debug|iPhoneSimulator
		{6A8DFF03-9FA7-4B32-B17C-BE802928372E}.Release|Any CPU.ActiveCfg = Release|iPhoneSimulator
		{6A8DFF03-9FA7-4B32-B17C-BE802928372E}.Release|Any CPU.Build.0 = Release|iPhoneSimulator
		{6A8DFF03-9FA7-4B32-B17C-BE802928372E}.Debug|iPhoneSimulator.ActiveCfg = Debug|iPhoneSimulator
		{6A8DFF03-9FA7-4B32-B17C-BE802928372E}.Debug|iPhoneSimulator.Build.0 = Debug|iPhoneSimulator
		{6A8DFF03-9FA7-4B32-B17C-BE802928372E}.Release|iPhoneSimulator.ActiveCfg = Release|iPhoneSimulator
		{6A8DFF03-9FA7-4B32-B17C-BE802928372E}.Release|iPhoneSimulator.Build.0 = Release|iPhoneSimulator
		{6A8DFF03-9FA7-4B32-B17C-BE802928372E}.Debug|iPhone.ActiveCfg = Debug|iPhone
		{6A8DFF03-9FA7-4B32-B17C-BE802928372E}.Debug|iPhone.Build.0 = Debug|iPhone
		{6A8DFF03-9FA7-4B32-B17C-BE802928372E}.Release|iPhone.ActiveCfg = Release|iPhone
		{6A8DFF03-9FA7-4B32-B17C-BE802928372E}.Release|iPhone.Build.0 = Release|iPhone
		{6A8DFF03-9FA7-4B32-B17C-BE802928372E}.Ad-Hoc|iPhone.ActiveCfg = Ad-Hoc|iPhone
		{6A8DFF03-9FA7-4B32-B17C-BE802928372E}.Ad-Hoc|iPhone.Build.0 = Ad-Hoc|iPhone
		{6A8DFF03-9FA7-4B32-B17C-BE802928372E}.AppStore|iPhone.ActiveCfg = AppStore|iPhone
		{6A8DFF03-9FA7-4B32-B17C-BE802928372E}.AppStore|iPhone.Build.0 = AppStore|iPhone
	EndGlobalSection
EndGlobal
